{
  "name": "scorr",
  "version": "1.0.0",
  "lockfileVersion": 3,
  "requires": true,
  "packages": {
    "": {
      "name": "scorr",
      "version": "1.0.0",
      "license": "MIT",
      "workspaces": [
        "mobile",
        "web",
        "backend"
      ],
      "dependencies": {
        "firebase": "^12.14.0"
      },
      "devDependencies": {
        "jest": "^30.4.1",
        "prettier": "^3.3.3",
        "typescript": "~6.0.3"
      }
    },
    "backend": {
      "version": "1.0.0",
      "license": "ISC"
    },
    "mobile": {
      "version": "1.0.0"
    },
    "web": {
      "version": "0.1.0"
    }
  }
}